
Microsoft Visual Studio Solution File, Format Version 12.00
# Visual Studio Version 17
VisualStudioVersion = 17.8.34316.72
MinimumVisualStudioVersion = 10.0.40219.1
Project("{FAE04EC0-301F-11D3-BF4B-00C04F79EFBC}") = "StringLibrary", "StringLibrary\StringLibrary.csproj", "{C5C18EB2-C61E-4869-A05E-AE7F8D564EB6}"
EndProject
Project("{FAE04EC0-301F-11D3-BF4B-00C04F79EFBC}") = "ShowCase", "ShowCase\ShowCase.csproj", "{B279C44A-F0D5-4EA0-8937-77BEE4EAB06B}"
EndProject
Global
	GlobalSection(SolutionConfigurationPlatforms) = preSolution
		Debug|Any CPU = Debug|Any CPU
		Release|Any CPU = Release|Any CPU
	EndGlobalSection
	GlobalSection(ProjectConfigurationPlatforms) = postSolution
		{C5C18EB2-C61E-4869-A05E-AE7F8D564EB6}.Debug|Any CPU.ActiveCfg = Debug|Any CPU
		{C5C18EB2-C61E-4869-A05E-AE7F8D564EB6}.Debug|Any CPU.Build.0 = Debug|Any CPU
		{C5C18EB2-C61E-4869-A05E-AE7F8D564EB6}.Release|Any CPU.ActiveCfg = Release|Any CPU
		{C5C18EB2-C61E-4869-A05E-AE7F8D564EB6}.Release|Any CPU.Build.0 = Release|Any CPU
		{B279C44A-F0D5-4EA0-8937-77BEE4EAB06B}.Debug|Any CPU.ActiveCfg = Debug|Any CPU
		{B279C44A-F0D5-4EA0-8937-77BEE4EAB06B}.Debug|Any CPU.Build.0 = Debug|Any CPU
		{B279C44A-F0D5-4EA0-8937-77BEE4EAB06B}.Release|Any CPU.ActiveCfg = Release|Any CPU
		{B279C44A-F0D5-4EA0-8937-77BEE4EAB06B}.Release|Any CPU.Build.0 = Release|Any CPU
	EndGlobalSection
	GlobalSection(SolutionProperties) = preSolution
		HideSolutionNode = FALSE
	EndGlobalSection
	GlobalSection(ExtensibilityGlobals) = postSolution
		SolutionGuid = {E444345B-475C-486E-9EF2-B4E96E76B5F7}
	EndGlobalSection
EndGlobal
